
Microsoft Visual Studio Solution File, Format Version 12.00
# Visual Studio 15
VisualStudioVersion = 15.0.28307.421
MinimumVisualStudioVersion = 10.0.40219.1
Project("{888888A0-9F3D-457C-B088-3A5042F75D52}") = "NordicReset", "NordicReset\NordicReset.pyproj", "{1A32BB6B-979B-4E3F-93C1-B2CF3DC04FC9}"
EndProject
Global
	GlobalSection(SolutionConfigurationPlatforms) = preSolution
		Debug|Any CPU = Debug|Any CPU
		Release|Any CPU = Release|Any CPU
	EndGlobalSection
	GlobalSection(ProjectConfigurationPlatforms) = postSolution
		{1A32BB6B-979B-4E3F-93C1-B2CF3DC04FC9}.Debug|Any CPU.ActiveCfg = Debug|Any CPU
		{1A32BB6B-979B-4E3F-93C1-B2CF3DC04FC9}.Release|Any CPU.ActiveCfg = Release|Any CPU
	EndGlobalSection
	GlobalSection(SolutionProperties) = preSolution
		HideSolutionNode = FALSE
	EndGlobalSection
	GlobalSection(ExtensibilityGlobals) = postSolution
		SolutionGuid = {BFF17089-71A7-42EE-9F92-ABE7AA0A3880}
	EndGlobalSection
EndGlobal
